// !$*UTF8*$!
{
	archiveVersion = 1;
	classes = {
	};
	objectVersion = 55;
	objects = {

/* Begin PBXBuildFile section */
		6CDB3F5B27F2AD8600348476 /* main.swift in Sources */ = {isa = PBXBuildFile; fileRef = 6CDB3F5A27F2AD8600348476 /* main.swift */; };
		6CDB3F6327F2ADC000348476 /* CyclicPermutation.swift in Sources */ = {isa = PBXBuildFile; fileRef = 6CDB3F6227F2ADC000348476 /* CyclicPermutation.swift */; };
		6CDB3F6527F2E6B600348476 /* RepeatingSquence.swift in Sources */ = {isa = PBXBuildFile; fileRef = 6CDB3F6427F2E6B600348476 /* RepeatingSquence.swift */; };
/* End PBXBuildFile section */

/* Begin PBXCopyFilesBuildPhase section */
		6CDB3F5527F2AD8600348476 /* CopyFiles */ = {
			isa = PBXCopyFilesBuildPhase;
			buildActionMask = 2147483647;
			dstPath = /usr/share/man/man1/;
			dstSubfolderSpec = 0;
			files = (
			);
			runOnlyForDeploymentPostprocessing = 1;
		};
/* End PBXCopyFilesBuildPhase section */

/* Begin PBXFileReference section */
		6CDB3F5727F2AD8600348476 /* ProblemSet2 */ = {isa = PBXFileReference; explicitFileType = "compiled.mach-o.executable"; includeInIndex = 0; path = ProblemSet2; sourceTree = BUILT_PRODUCTS_DIR; };
		6CDB3F5A27F2AD8600348476 /* main.swift */ = {isa = PBXFileReference; lastKnownFileType = sourcecode.swift; path = main.swift; sourceTree = "<group>"; };
		6CDB3F6227F2ADC000348476 /* CyclicPermutation.swift */ = {isa = PBXFileReference; lastKnownFileType = sourcecode.swift; path = CyclicPermutation.swift; sourceTree = "<group>"; };
		6CDB3F6427F2E6B600348476 /* RepeatingSquence.swift */ = {isa = PBXFileReference; lastKnownFileType = sourcecode.swift; path = RepeatingSquence.swift; sourceTree = "<group>"; };
/* End PBXFileReference section */

/* Begin PBXFrameworksBuildPhase section */
		6CDB3F5427F2AD8600348476 /* Frameworks */ = {
			isa = PBXFrameworksBuildPhase;
			buildActionMask = 2147483647;
			files = (
			);
			runOnlyForDeploymentPostprocessing = 0;
		};
/* End PBXFrameworksBuildPhase section */

/* Begin PBXGroup section */
		6C1F585B27F4361E00619A25 /* RepeatingSquence */ = {
			isa = PBXGroup;
			children = (
				6CDB3F6427F2E6B600348476 /* RepeatingSquence.swift */,
			);
			path = RepeatingSquence;
			sourceTree = "<group>";
		};
		6CDB3F4E27F2AD8600348476 = {
			isa = PBXGroup;
			children = (
				6CDB3F5927F2AD8600348476 /* ProblemSet2 */,
				6CDB3F5827F2AD8600348476 /* Products */,
			);
			sourceTree = "<group>";
		};
		6CDB3F5827F2AD8600348476 /* Products */ = {
			isa = PBXGroup;
			children = (
				6CDB3F5727F2AD8600348476 /* ProblemSet2 */,
			);
			name = Products;
			sourceTree = "<group>";
		};
		6CDB3F5927F2AD8600348476 /* ProblemSet2 */ = {
			isa = PBXGroup;
			children = (
				6CDB3F6127F2AD9000348476 /* CyClic Permutation */,
				6C1F585B27F4361E00619A25 /* RepeatingSquence */,
				6CDB3F5A27F2AD8600348476 /* main.swift */,
			);
			path = ProblemSet2;
			sourceTree = "<group>";
		};
		6CDB3F6127F2AD9000348476 /* CyClic Permutation */ = {
			isa = PBXGroup;
			children = (
				6CDB3F6227F2ADC000348476 /* CyclicPermutation.swift */,
			);
			path = "CyClic Permutation";
			sourceTree = "<group>";
		};
/* End PBXGroup section */

/* Begin PBXNativeTarget section */
		6CDB3F5627F2AD8600348476 /* ProblemSet2 */ = {
			isa = PBXNativeTarget;
			buildConfigurationList = 6CDB3F5E27F2AD8600348476 /* Build configuration list for PBXNativeTarget "ProblemSet2" */;
			buildPhases = (
				6CDB3F5327F2AD8600348476 /* Sources */,
				6CDB3F5427F2AD8600348476 /* Frameworks */,
				6CDB3F5527F2AD8600348476 /* CopyFiles */,
			);
			buildRules = (
			);
			dependencies = (
			);
			name = ProblemSet2;
			productName = ProblemSet2;
			productReference = 6CDB3F5727F2AD8600348476 /* ProblemSet2 */;
			productType = "com.apple.product-type.tool";
		};
/* End PBXNativeTarget section */

/* Begin PBXProject section */
		6CDB3F4F27F2AD8600348476 /* Project object */ = {
			isa = PBXProject;
			attributes = {
				BuildIndependentTargetsInParallel = 1;
				LastSwiftUpdateCheck = 1320;
				LastUpgradeCheck = 1320;
				TargetAttributes = {
					6CDB3F5627F2AD8600348476 = {
						CreatedOnToolsVersion = 13.2.1;
					};
				};
			};
			buildConfigurationList = 6CDB3F5227F2AD8600348476 /* Build configuration list for PBXProject "ProblemSet2" */;
			compatibilityVersion = "Xcode 13.0";
			developmentRegion = en;
			hasScannedForEncodings = 0;
			knownRegions = (
				en,
				Base,
			);
			mainGroup = 6CDB3F4E27F2AD8600348476;
			productRefGroup = 6CDB3F5827F2AD8600348476 /* Products */;
			projectDirPath = "";
			projectRoot = "";
			targets = (
				6CDB3F5627F2AD8600348476 /* ProblemSet2 */,
			);
		};
/* End PBXProject section */

/* Begin PBXSourcesBuildPhase section */
		6CDB3F5327F2AD8600348476 /* Sources */ = {
			isa = PBXSourcesBuildPhase;
			buildActionMask = 2147483647;
			files = (
				6CDB3F5B27F2AD8600348476 /* main.swift in Sources */,
				6CDB3F6527F2E6B600348476 /* RepeatingSquence.swift in Sources */,
				6CDB3F6327F2ADC000348476 /* CyclicPermutation.swift in Sources */,
			);
			runOnlyForDeploymentPostprocessing = 0;
		};
/* End PBXSourcesBuildPhase section */

/* Begin XCBuildConfiguration section */
		6CDB3F5C27F2AD8600348476 /* Debug */ = {
			isa = XCBuildConfiguration;
			buildSettings = {
				ALWAYS_SEARCH_USER_PATHS = NO;
				CLANG_ANALYZER_NONNULL = YES;
				CLANG_ANALYZER_NUMBER_OBJECT_CONVERSION = YES_AGGRESSIVE;
				CLANG_CXX_LANGUAGE_STANDARD = "gnu++17";
				CLANG_CXX_LIBRARY = "libc++";
				CLANG_ENABLE_MODULES = YES;
				CLANG_ENABLE_OBJC_ARC = YES;
				CLANG_ENABLE_OBJC_WEAK = YES;
				CLANG_WARN_BLOCK_CAPTURE_AUTORELEASING = YES;
				CLANG_WARN_BOOL_CONVERSION = YES;
				CLANG_WARN_COMMA = YES;
				CLANG_WARN_CONSTANT_CONVERSION = YES;
				CLANG_WARN_DEPRECATED_OBJC_IMPLEMENTATIONS = YES;
				CLANG_WARN_DIRECT_OBJC_ISA_USAGE = YES_ERROR;
				CLANG_WARN_DOCUMENTATION_COMMENTS = YES;
				CLANG_WARN_EMPTY_BODY = YES;
				CLANG_WARN_ENUM_CONVERSION = YES;
				CLANG_WARN_INFINITE_RECURSION = YES;
				CLANG_WARN_INT_CONVERSION = YES;
				CLANG_WARN_NON_LITERAL_NULL_CONVERSION = YES;
				CLANG_WARN_OBJC_IMPLICIT_RETAIN_SELF = YES;
				CLANG_WARN_OBJC_LITERAL_CONVERSION = YES;
				CLANG_WARN_OBJC_ROOT_CLASS = YES_ERROR;
				CLANG_WARN_QUOTED_INCLUDE_IN_FRAMEWORK_HEADER = YES;
				CLANG_WARN_RANGE_LOOP_ANALYSIS = YES;
				CLANG_WARN_STRICT_PROTOTYPES = YES;
				CLANG_WARN_SUSPICIOUS_MOVE = YES;
				CLANG_WARN_UNGUARDED_AVAILABILITY = YES_AGGRESSIVE;
				CLANG_WARN_UNREACHABLE_CODE = YES;
				CLANG_WARN__DUPLICATE_METHOD_MATCH = YES;
				COPY_PHASE_STRIP = NO;
				DEBUG_INFORMATION_FORMAT = dwarf;
				ENABLE_STRICT_OBJC_MSGSEND = YES;
				ENABLE_TESTABILITY = YES;
				GCC_C_LANGUAGE_STANDARD = gnu11;
				GCC_DYNAMIC_NO_PIC = NO;
				GCC_NO_COMMON_BLOCKS = YES;
				GCC_OPTIMIZATION_LEVEL = 0;
				GCC_PREPROCESSOR_DEFINITIONS = (
					"DEBUG=1",
					"$(inherited)",
				);
				GCC_WARN_64_TO_32_BIT_CONVERSION = YES;
				GCC_WARN_ABOUT_RETURN_TYPE = YES_ERROR;
				GCC_WARN_UNDECLARED_SELECTOR = YES;
				GCC_WARN_UNINITIALIZED_AUTOS = YES_AGGRESSIVE;
				GCC_WARN_UNUSED_FUNCTION = YES;
				GCC_WARN_UNUSED_VARIABLE = YES;
				MACOSX_DEPLOYMENT_TARGET = 12.0;
				MTL_ENABLE_DEBUG_INFO = INCLUDE_SOURCE;
				MTL_FAST_MATH = YES;
				ONLY_ACTIVE_ARCH = YES;
				SDKROOT = macosx;
				SWIFT_ACTIVE_COMPILATION_CONDITIONS = DEBUG;
				SWIFT_OPTIMIZATION_LEVEL = "-Onone";
			};
			name = Debug;
		};
		6CDB3F5D27F2AD8600348476 /* Release */ = {
			isa = XCBuildConfiguration;
			buildSettings = {
				ALWAYS_SEARCH_USER_PATHS = NO;
				CLANG_ANALYZER_NONNULL = YES;
				CLANG_ANALYZER_NUMBER_OBJECT_CONVERSION = YES_AGGRESSIVE;
				CLANG_CXX_LANGUAGE_STANDARD = "gnu++17";
				CLANG_CXX_LIBRARY = "libc++";
				CLANG_ENABLE_MODULES = YES;
				CLANG_ENABLE_OBJC_ARC = YES;
				CLANG_ENABLE_OBJC_WEAK = YES;
				CLANG_WARN_BLOCK_CAPTURE_AUTORELEASING = YES;
				CLANG_WARN_BOOL_CONVERSION = YES;
				CLANG_WARN_COMMA = YES;
				CLANG_WARN_CONSTANT_CONVERSION = YES;
				CLANG_WARN_DEPRECATED_OBJC_IMPLEMENTATIONS = YES;
				CLANG_WARN_DIRECT_OBJC_ISA_USAGE = YES_ERROR;
				CLANG_WARN_DOCUMENTATION_COMMENTS = YES;
				CLANG_WARN_EMPTY_BODY = YES;
				CLANG_WARN_ENUM_CONVERSION = YES;
				CLANG_WARN_INFINITE_RECURSION = YES;
				CLANG_WARN_INT_CONVERSION = YES;
				CLANG_WARN_NON_LITERAL_NULL_CONVERSION = YES;
				CLANG_WARN_OBJC_IMPLICIT_RETAIN_SELF = YES;
				CLANG_WARN_OBJC_LITERAL_CONVERSION = YES;
				CLANG_WARN_OBJC_ROOT_CLASS = YES_ERROR;
				CLANG_WARN_QUOTED_INCLUDE_IN_FRAMEWORK_HEADER = YES;
				CLANG_WARN_RANGE_LOOP_ANALYSIS = YES;
				CLANG_WARN_STRICT_PROTOTYPES = YES;
				CLANG_WARN_SUSPICIOUS_MOVE = YES;
				CLANG_WARN_UNGUARDED_AVAILABILITY = YES_AGGRESSIVE;
				CLANG_WARN_UNREACHABLE_CODE = YES;
				CLANG_WARN__DUPLICATE_METHOD_MATCH = YES;
				COPY_PHASE_STRIP = NO;
				DEBUG_INFORMATION_FORMAT = "dwarf-with-dsym";
				ENABLE_NS_ASSERTIONS = NO;
				ENABLE_STRICT_OBJC_MSGSEND = YES;
				GCC_C_LANGUAGE_STANDARD = gnu11;
				GCC_NO_COMMON_BLOCKS = YES;
				GCC_WARN_64_TO_32_BIT_CONVERSION = YES;
				GCC_WARN_ABOUT_RETURN_TYPE = YES_ERROR;
				GCC_WARN_UNDECLARED_SELECTOR = YES;
				GCC_WARN_UNINITIALIZED_AUTOS = YES_AGGRESSIVE;
				GCC_WARN_UNUSED_FUNCTION = YES;
				GCC_WARN_UNUSED_VARIABLE = YES;
				MACOSX_DEPLOYMENT_TARGET = 12.0;
				MTL_ENABLE_DEBUG_INFO = NO;
				MTL_FAST_MATH = YES;
				SDKROOT = macosx;
				SWIFT_COMPILATION_MODE = wholemodule;
				SWIFT_OPTIMIZATION_LEVEL = "-O";
			};
			name = Release;
		};
		6CDB3F5F27F2AD8600348476 /* Debug */ = {
			isa = XCBuildConfiguration;
			buildSettings = {
				CODE_SIGN_STYLE = Automatic;
				DEVELOPMENT_TEAM = 7669655F54;
				ENABLE_HARDENED_RUNTIME = YES;
				PRODUCT_NAME = "$(TARGET_NAME)";
				SWIFT_VERSION = 5.0;
			};
			name = Debug;
		};
		6CDB3F6027F2AD8600348476 /* Release */ = {
			isa = XCBuildConfiguration;
			buildSettings = {
				CODE_SIGN_STYLE = Automatic;
				DEVELOPMENT_TEAM = 7669655F54;
				ENABLE_HARDENED_RUNTIME = YES;
				PRODUCT_NAME = "$(TARGET_NAME)";
				SWIFT_VERSION = 5.0;
			};
			name = Release;
		};
/* End XCBuildConfiguration section */

/* Begin XCConfigurationList section */
		6CDB3F5227F2AD8600348476 /* Build configuration list for PBXProject "ProblemSet2" */ = {
			isa = XCConfigurationList;
			buildConfigurations = (
				6CDB3F5C27F2AD8600348476 /* Debug */,
				6CDB3F5D27F2AD8600348476 /* Release */,
			);
			defaultConfigurationIsVisible = 0;
			defaultConfigurationName = Release;
		};
		6CDB3F5E27F2AD8600348476 /* Build configuration list for PBXNativeTarget "ProblemSet2" */ = {
			isa = XCConfigurationList;
			buildConfigurations = (
				6CDB3F5F27F2AD8600348476 /* Debug */,
				6CDB3F6027F2AD8600348476 /* Release */,
			);
			defaultConfigurationIsVisible = 0;
			defaultConfigurationName = Release;
		};
/* End XCConfigurationList section */
	};
	rootObject = 6CDB3F4F27F2AD8600348476 /* Project object */;
}
